// !$*UTF8*$!
{
	archiveVersion = 1;
	classes = {
	};
	objectVersion = 48;
	objects = {

/* Begin PBXBuildFile section */
		E49BFFF01F877BC20080035A /* AppDelegate.m in Sources */ = {isa = PBXBuildFile; fileRef = E49BFFEF1F877BC20080035A /* AppDelegate.m */; };
		E49BFFF31F877BC20080035A /* ViewController.m in Sources */ = {isa = PBXBuildFile; fileRef = E49BFFF21F877BC20080035A /* ViewController.m */; };
		E49BFFF61F877BC20080035A /* Main.storyboard in Resources */ = {isa = PBXBuildFile; fileRef = E49BFFF41F877BC20080035A /* Main.storyboard */; };
		E49BFFF81F877BC20080035A /* Assets.xcassets in Resources */ = {isa = PBXBuildFile; fileRef = E49BFFF71F877BC20080035A /* Assets.xcassets */; };
		E49BFFFB1F877BC20080035A /* LaunchScreen.storyboard in Resources */ = {isa = PBXBuildFile; fileRef = E49BFFF91F877BC20080035A /* LaunchScreen.storyboard */; };
		E49BFFFE1F877BC20080035A /* main.m in Sources */ = {isa = PBXBuildFile; fileRef = E49BFFFD1F877BC20080035A /* main.m */; };
/* End PBXBuildFile section */

/* Begin PBXFileReference section */
		E49B004A1F87B5B70080035A /* Foundation+Log.m */ = {isa = PBXFileReference; lastKnownFileType = sourcecode.c.objc; path = "Foundation+Log.m"; sourceTree = "<group>"; };
		E49BFFEB1F877BC20080035A /* GHFoundation.app */ = {isa = PBXFileReference; explicitFileType = wrapper.application; includeInIndex = 0; path = GHFoundation.app; sourceTree = BUILT_PRODUCTS_DIR; };
		E49BFFEE1F877BC20080035A /* AppDelegate.h */ = {isa = PBXFileReference; lastKnownFileType = sourcecode.c.h; path = AppDelegate.h; sourceTree = "<group>"; };
		E49BFFEF1F877BC20080035A /* AppDelegate.m */ = {isa = PBXFileReference; lastKnownFileType = sourcecode.c.objc; path = AppDelegate.m; sourceTree = "<group>"; };
		E49BFFF11F877BC20080035A /* ViewController.h */ = {isa = PBXFileReference; lastKnownFileType = sourcecode.c.h; path = ViewController.h; sourceTree = "<group>"; };
		E49BFFF21F877BC20080035A /* ViewController.m */ = {isa = PBXFileReference; lastKnownFileType = sourcecode.c.objc; path = ViewController.m; sourceTree = "<group>"; };
		E49BFFF51F877BC20080035A /* Base */ = {isa = PBXFileReference; lastKnownFileType = file.storyboard; name = Base; path = Base.lproj/Main.storyboard; sourceTree = "<group>"; };
		E49BFFF71F877BC20080035A /* Assets.xcassets */ = {isa = PBXFileReference; lastKnownFileType = folder.assetcatalog; path = Assets.xcassets; sourceTree = "<group>"; };
		E49BFFFA1F877BC20080035A /* Base */ = {isa = PBXFileReference; lastKnownFileType = file.storyboard; name = Base; path = Base.lproj/LaunchScreen.storyboard; sourceTree = "<group>"; };
		E49BFFFC1F877BC20080035A /* Info.plist */ = {isa = PBXFileReference; lastKnownFileType = text.plist.xml; path = Info.plist; sourceTree = "<group>"; };
		E49BFFFD1F877BC20080035A /* main.m */ = {isa = PBXFileReference; lastKnownFileType = sourcecode.c.objc; path = main.m; sourceTree = "<group>"; };
/* End PBXFileReference section */

/* Begin PBXFrameworksBuildPhase section */
		E49BFFE81F877BC20080035A /* Frameworks */ = {
			isa = PBXFrameworksBuildPhase;
			buildActionMask = 2147483647;
			files = (
			);
			runOnlyForDeploymentPostprocessing = 0;
		};
/* End PBXFrameworksBuildPhase section */

/* Begin PBXGroup section */
		E49B00481F87B45C0080035A /* GHFoundation */ = {
			isa = PBXGroup;
			children = (
				E49B00491F87B45C0080035A /* Category */,
			);
			path = GHFoundation;
			sourceTree = "<group>";
		};
		E49B00491F87B45C0080035A /* Category */ = {
			isa = PBXGroup;
			children = (
				E49B004A1F87B5B70080035A /* Foundation+Log.m */,
			);
			path = Category;
			sourceTree = "<group>";
		};
		E49BFFE21F877BC20080035A = {
			isa = PBXGroup;
			children = (
				E49BFFED1F877BC20080035A /* GHFoundation */,
				E49BFFEC1F877BC20080035A /* Products */,
			);
			sourceTree = "<group>";
		};
		E49BFFEC1F877BC20080035A /* Products */ = {
			isa = PBXGroup;
			children = (
				E49BFFEB1F877BC20080035A /* GHFoundation.app */,
			);
			name = Products;
			sourceTree = "<group>";
		};
		E49BFFED1F877BC20080035A /* GHFoundation */ = {
			isa = PBXGroup;
			children = (
				E49B00481F87B45C0080035A /* GHFoundation */,
				E49BFFEE1F877BC20080035A /* AppDelegate.h */,
				E49BFFEF1F877BC20080035A /* AppDelegate.m */,
				E49BFFF11F877BC20080035A /* ViewController.h */,
				E49BFFF21F877BC20080035A /* ViewController.m */,
				E49BFFF41F877BC20080035A /* Main.storyboard */,
				E49BFFF71F877BC20080035A /* Assets.xcassets */,
				E49BFFF91F877BC20080035A /* LaunchScreen.storyboard */,
				E49BFFFC1F877BC20080035A /* Info.plist */,
				E49BFFFD1F877BC20080035A /* main.m */,
			);
			path = GHFoundation;
			sourceTree = "<group>";
		};
/* End PBXGroup section */

/* Begin PBXNativeTarget section */
		E49BFFEA1F877BC20080035A /* GHFoundation */ = {
			isa = PBXNativeTarget;
			buildConfigurationList = E49B00011F877BC20080035A /* Build configuration list for PBXNativeTarget "GHFoundation" */;
			buildPhases = (
				E49BFFE71F877BC20080035A /* Sources */,
				E49BFFE81F877BC20080035A /* Frameworks */,
				E49BFFE91F877BC20080035A /* Resources */,
			);
			buildRules = (
			);
			dependencies = (
			);
			name = GHFoundation;
			productName = GHFoundation;
			productReference = E49BFFEB1F877BC20080035A /* GHFoundation.app */;
			productType = "com.apple.product-type.application";
		};
/* End PBXNativeTarget section */

/* Begin PBXProject section */
		E49BFFE31F877BC20080035A /* Project object */ = {
			isa = PBXProject;
			attributes = {
				LastUpgradeCheck = 0900;
				ORGANIZATIONNAME = Rong;
				TargetAttributes = {
					E49BFFEA1F877BC20080035A = {
						CreatedOnToolsVersion = 9.0;
						ProvisioningStyle = Automatic;
					};
				};
			};
			buildConfigurationList = E49BFFE61F877BC20080035A /* Build configuration list for PBXProject "GHFoundation" */;
			compatibilityVersion = "Xcode 8.0";
			developmentRegion = en;
			hasScannedForEncodings = 0;
			knownRegions = (
				en,
				Base,
			);
			mainGroup = E49BFFE21F877BC20080035A;
			productRefGroup = E49BFFEC1F877BC20080035A /* Products */;
			projectDirPath = "";
			projectRoot = "";
			targets = (
				E49BFFEA1F877BC20080035A /* GHFoundation */,
			);
		};
/* End PBXProject section */

/* Begin PBXResourcesBuildPhase section */
		E49BFFE91F877BC20080035A /* Resources */ = {
			isa = PBXResourcesBuildPhase;
			buildActionMask = 2147483647;
			files = (
				E49BFFFB1F877BC20080035A /* LaunchScreen.storyboard in Resources */,
				E49BFFF81F877BC20080035A /* Assets.xcassets in Resources */,
				E49BFFF61F877BC20080035A /* Main.storyboard in Resources */,
			);
			runOnlyForDeploymentPostprocessing = 0;
		};
/* End PBXResourcesBuildPhase section */

/* Begin PBXSourcesBuildPhase section */
		E49BFFE71F877BC20080035A /* Sources */ = {
			isa = PBXSourcesBuildPhase;
			buildActionMask = 2147483647;
			files = (
				E49BFFF31F877BC20080035A /* ViewController.m in Sources */,
				E49BFFFE1F877BC20080035A /* main.m in Sources */,
				E49BFFF01F877BC20080035A /* AppDelegate.m in Sources */,
			);
			runOnlyForDeploymentPostprocessing = 0;
		};
/* End PBXSourcesBuildPhase section */

/* Begin PBXVariantGroup section */
		E49BFFF41F877BC20080035A /* Main.storyboard */ = {
			isa = PBXVariantGroup;
			children = (
				E49BFFF51F877BC20080035A /* Base */,
			);
			name = Main.storyboard;
			sourceTree = "<group>";
		};
		E49BFFF91F877BC20080035A /* LaunchScreen.storyboard */ = {
			isa = PBXVariantGroup;
			children = (
				E49BFFFA1F877BC20080035A /* Base */,
			);
			name = LaunchScreen.storyboard;
			sourceTree = "<group>";
		};
/* End PBXVariantGroup section */

/* Begin XCBuildConfiguration section */
		E49B00001F877BC20080035A /* Release */ = {
			isa = XCBuildConfiguration;
			buildSettings = {
				ALWAYS_SEARCH_USER_PATHS = NO;
				CLANG_ANALYZER_NONNULL = YES;
				CLANG_ANALYZER_NUMBER_OBJECT_CONVERSION = YES_AGGRESSIVE;
				CLANG_CXX_LANGUAGE_STANDARD = "gnu++14";
				CLANG_CXX_LIBRARY = "libc++";
				CLANG_ENABLE_MODULES = YES;
				CLANG_ENABLE_OBJC_ARC = YES;
				CLANG_WARN_BLOCK_CAPTURE_AUTORELEASING = YES;
				CLANG_WARN_BOOL_CONVERSION = YES;
				CLANG_WARN_COMMA = YES;
				CLANG_WARN_CONSTANT_CONVERSION = YES;
				CLANG_WARN_DIRECT_OBJC_ISA_USAGE = YES_ERROR;
				CLANG_WARN_DOCUMENTATION_COMMENTS = YES;
				CLANG_WARN_EMPTY_BODY = YES;
				CLANG_WARN_ENUM_CONVERSION = YES;
				CLANG_WARN_INFINITE_RECURSION = YES;
				CLANG_WARN_INT_CONVERSION = YES;
				CLANG_WARN_NON_LITERAL_NULL_CONVERSION = YES;
				CLANG_WARN_OBJC_LITERAL_CONVERSION = YES;
				CLANG_WARN_OBJC_ROOT_CLASS = YES_ERROR;
				CLANG_WARN_RANGE_LOOP_ANALYSIS = YES;
				CLANG_WARN_STRICT_PROTOTYPES = YES;
				CLANG_WARN_SUSPICIOUS_MOVE = YES;
				CLANG_WARN_UNGUARDED_AVAILABILITY = YES_AGGRESSIVE;
				CLANG_WARN_UNREACHABLE_CODE = YES;
				CLANG_WARN__DUPLICATE_METHOD_MATCH = YES;
				CODE_SIGN_IDENTITY = "iPhone Developer";
				COPY_PHASE_STRIP = NO;
				DEBUG_INFORMATION_FORMAT = "dwarf-with-dsym";
				ENABLE_NS_ASSERTIONS = NO;
				ENABLE_STRICT_OBJC_MSGSEND = YES;
				GCC_C_LANGUAGE_STANDARD = gnu11;
				GCC_NO_COMMON_BLOCKS = YES;
				GCC_WARN_64_TO_32_BIT_CONVERSION = YES;
				GCC_WARN_ABOUT_RETURN_TYPE = YES_ERROR;
				GCC_WARN_UNDECLARED_SELECTOR = YES;
				GCC_WARN_UNINITIALIZED_AUTOS = YES_AGGRESSIVE;
				GCC_WARN_UNUSED_FUNCTION = YES;
				GCC_WARN_UNUSED_VARIABLE = YES;
				IPHONEOS_DEPLOYMENT_TARGET = 11.0;
				MTL_ENABLE_DEBUG_INFO = NO;
				SDKROOT = iphoneos;
				VALIDATE_PRODUCT = YES;
			};
			name = Release;
		};
		E49B00021F877BC20080035A /* Debug */ = {
			isa = XCBuildConfiguration;
			buildSettings = {
				ASSETCATALOG_COMPILER_APPICON_NAME = AppIcon;
				CODE_SIGN_STYLE = Automatic;
				INFOPLIST_FILE = GHFoundation/Info.plist;
				LD_RUNPATH_SEARCH_PATHS = "$(inherited) @executable_path/Frameworks";
				PRODUCT_BUNDLE_IDENTIFIER = com.ronginet.GHFoundation;
				PRODUCT_NAME = "$(TARGET_NAME)";
				TARGETED_DEVICE_FAMILY = "1,2";
			};
			name = Debug;
		};
		E49B00031F877BC20080035A /* Release */ = {
			isa = XCBuildConfiguration;
			buildSettings = {
				ASSETCATALOG_COMPILER_APPICON_NAME = AppIcon;
				CODE_SIGN_STYLE = Automatic;
				INFOPLIST_FILE = GHFoundation/Info.plist;
				LD_RUNPATH_SEARCH_PATHS = "$(inherited) @executable_path/Frameworks";
				PRODUCT_BUNDLE_IDENTIFIER = com.ronginet.GHFoundation;
				PRODUCT_NAME = "$(TARGET_NAME)";
				TARGETED_DEVICE_FAMILY = "1,2";
			};
			name = Release;
		};
		E49BFFFF1F877BC20080035A /* Debug */ = {
			isa = XCBuildConfiguration;
			buildSettings = {
				ALWAYS_SEARCH_USER_PATHS = NO;
				CLANG_ANALYZER_NONNULL = YES;
				CLANG_ANALYZER_NUMBER_OBJECT_CONVERSION = YES_AGGRESSIVE;
				CLANG_CXX_LANGUAGE_STANDARD = "gnu++14";
				CLANG_CXX_LIBRARY = "libc++";
				CLANG_ENABLE_MODULES = YES;
				CLANG_ENABLE_OBJC_ARC = YES;
				CLANG_WARN_BLOCK_CAPTURE_AUTORELEASING = YES;
				CLANG_WARN_BOOL_CONVERSION = YES;
				CLANG_WARN_COMMA = YES;
				CLANG_WARN_CONSTANT_CONVERSION = YES;
				CLANG_WARN_DIRECT_OBJC_ISA_USAGE = YES_ERROR;
				CLANG_WARN_DOCUMENTATION_COMMENTS = YES;
				CLANG_WARN_EMPTY_BODY = YES;
				CLANG_WARN_ENUM_CONVERSION = YES;
				CLANG_WARN_INFINITE_RECURSION = YES;
				CLANG_WARN_INT_CONVERSION = YES;
				CLANG_WARN_NON_LITERAL_NULL_CONVERSION = YES;
				CLANG_WARN_OBJC_LITERAL_CONVERSION = YES;
				CLANG_WARN_OBJC_ROOT_CLASS = YES_ERROR;
				CLANG_WARN_RANGE_LOOP_ANALYSIS = YES;
				CLANG_WARN_STRICT_PROTOTYPES = YES;
				CLANG_WARN_SUSPICIOUS_MOVE = YES;
				CLANG_WARN_UNGUARDED_AVAILABILITY = YES_AGGRESSIVE;
				CLANG_WARN_UNREACHABLE_CODE = YES;
				CLANG_WARN__DUPLICATE_METHOD_MATCH = YES;
				CODE_SIGN_IDENTITY = "iPhone Developer";
				COPY_PHASE_STRIP = NO;
				DEBUG_INFORMATION_FORMAT = dwarf;
				ENABLE_STRICT_OBJC_MSGSEND = YES;
				ENABLE_TESTABILITY = YES;
				GCC_C_LANGUAGE_STANDARD = gnu11;
				GCC_DYNAMIC_NO_PIC = NO;
				GCC_NO_COMMON_BLOCKS = YES;
				GCC_OPTIMIZATION_LEVEL = 0;
				GCC_PREPROCESSOR_DEFINITIONS = (
					"DEBUG=1",
					"$(inherited)",
				);
				GCC_WARN_64_TO_32_BIT_CONVERSION = YES;
				GCC_WARN_ABOUT_RETURN_TYPE = YES_ERROR;
				GCC_WARN_UNDECLARED_SELECTOR = YES;
				GCC_WARN_UNINITIALIZED_AUTOS = YES_AGGRESSIVE;
				GCC_WARN_UNUSED_FUNCTION = YES;
				GCC_WARN_UNUSED_VARIABLE = YES;
				IPHONEOS_DEPLOYMENT_TARGET = 11.0;
				MTL_ENABLE_DEBUG_INFO = YES;
				ONLY_ACTIVE_ARCH = YES;
				SDKROOT = iphoneos;
			};
			name = Debug;
		};
/* End XCBuildConfiguration section */

/* Begin XCConfigurationList section */
		E49B00011F877BC20080035A /* Build configuration list for PBXNativeTarget "GHFoundation" */ = {
			isa = XCConfigurationList;
			buildConfigurations = (
				E49B00021F877BC20080035A /* Debug */,
				E49B00031F877BC20080035A /* Release */,
			);
			defaultConfigurationIsVisible = 0;
			defaultConfigurationName = Release;
		};
		E49BFFE61F877BC20080035A /* Build configuration list for PBXProject "GHFoundation" */ = {
			isa = XCConfigurationList;
			buildConfigurations = (
				E49BFFFF1F877BC20080035A /* Debug */,
				E49B00001F877BC20080035A /* Release */,
			);
			defaultConfigurationIsVisible = 0;
			defaultConfigurationName = Release;
		};
/* End XCConfigurationList section */
	};
	rootObject = E49BFFE31F877BC20080035A /* Project object */;
}
