// !$*UTF8*$!
{
	archiveVersion = 1;
	classes = {
	};
	objectVersion = 48;
	objects = {

/* Begin PBXBuildFile section */
		E402B2F1202DB87B009BF409 /* NSString+File.m in Sources */ = {isa = PBXBuildFile; fileRef = E402B2F0202DB87B009BF409 /* NSString+File.m */; };
		E402B36C202DBB11009BF409 /* GHFoundationTests.m in Sources */ = {isa = PBXBuildFile; fileRef = E402B36B202DBB11009BF409 /* GHFoundationTests.m */; };
		E42120C82018DE0500CE9BA2 /* UIDevice+Extension.m in Sources */ = {isa = PBXBuildFile; fileRef = E42120C72018DE0500CE9BA2 /* UIDevice+Extension.m */; };
		E425B41120A5351700A68D68 /* GHTextView.m in Sources */ = {isa = PBXBuildFile; fileRef = E425B41020A5351600A68D68 /* GHTextView.m */; };
		E432114D2102225C00471EC5 /* GHAppInfo.m in Sources */ = {isa = PBXBuildFile; fileRef = E432114C2102225C00471EC5 /* GHAppInfo.m */; };
		E4321150210222E200471EC5 /* GHDeviceInfo.m in Sources */ = {isa = PBXBuildFile; fileRef = E432114F210222E200471EC5 /* GHDeviceInfo.m */; };
		E433B82D215E2142002CACF9 /* UIViewController+Extension.m in Sources */ = {isa = PBXBuildFile; fileRef = E433B82C215E2142002CACF9 /* UIViewController+Extension.m */; };
		E456EC0C1F93BD0700414F27 /* NSDictionary+Extension.m in Sources */ = {isa = PBXBuildFile; fileRef = E456EC0B1F93BD0700414F27 /* NSDictionary+Extension.m */; };
		E45CC021210DCD6400CB6448 /* NSString+PinYin.m in Sources */ = {isa = PBXBuildFile; fileRef = E45CC020210DCD6400CB6448 /* NSString+PinYin.m */; };
		E4644C82202DD834006E0E80 /* AudioPlay.m in Sources */ = {isa = PBXBuildFile; fileRef = E4644C81202DD834006E0E80 /* AudioPlay.m */; };
		E478BDBA200E446000C2358E /* NSDate+Extension.m in Sources */ = {isa = PBXBuildFile; fileRef = E478BDB9200E446000C2358E /* NSDate+Extension.m */; };
		E47A709320220E5100E1EB5D /* UIColor+Extension.m in Sources */ = {isa = PBXBuildFile; fileRef = E47A709220220E5100E1EB5D /* UIColor+Extension.m */; };
		E4955F8C202376F700B31FC3 /* NSData+ImageFormat.m in Sources */ = {isa = PBXBuildFile; fileRef = E4955F8B202376F700B31FC3 /* NSData+ImageFormat.m */; };
		E49B004E1F87B67A0080035A /* UIView+Frame.m in Sources */ = {isa = PBXBuildFile; fileRef = E49B004D1F87B67A0080035A /* UIView+Frame.m */; };
		E49BFFF01F877BC20080035A /* AppDelegate.m in Sources */ = {isa = PBXBuildFile; fileRef = E49BFFEF1F877BC20080035A /* AppDelegate.m */; };
		E49BFFF31F877BC20080035A /* ViewController.m in Sources */ = {isa = PBXBuildFile; fileRef = E49BFFF21F877BC20080035A /* ViewController.m */; };
		E49BFFF81F877BC20080035A /* Assets.xcassets in Resources */ = {isa = PBXBuildFile; fileRef = E49BFFF71F877BC20080035A /* Assets.xcassets */; };
		E49BFFFE1F877BC20080035A /* main.m in Sources */ = {isa = PBXBuildFile; fileRef = E49BFFFD1F877BC20080035A /* main.m */; };
		E4B655F820C6DBFC006B6F56 /* UIBarButtonItem+Extension.m in Sources */ = {isa = PBXBuildFile; fileRef = E4B655F720C6DBFC006B6F56 /* UIBarButtonItem+Extension.m */; };
		E4BEDC2C20E471D900F6F98E /* GHCopyLabel.m in Sources */ = {isa = PBXBuildFile; fileRef = E4BEDC2B20E471D900F6F98E /* GHCopyLabel.m */; };
		E4E4C82420A5152D00D42410 /* NSString+Base64.m in Sources */ = {isa = PBXBuildFile; fileRef = E4E4C82320A5152D00D42410 /* NSString+Base64.m */; };
		E4EF8A231FB89C4C00D8BEB0 /* UIImage+Extension.m in Sources */ = {isa = PBXBuildFile; fileRef = E4EF8A221FB89C4C00D8BEB0 /* UIImage+Extension.m */; };
		E4EF8A261FB89EDC00D8BEB0 /* UIView+Extension.m in Sources */ = {isa = PBXBuildFile; fileRef = E4EF8A251FB89EDC00D8BEB0 /* UIView+Extension.m */; };
		E4EF8A281FB8A08800D8BEB0 /* LaunchScreen.storyboard in Resources */ = {isa = PBXBuildFile; fileRef = E4EF8A271FB8A08800D8BEB0 /* LaunchScreen.storyboard */; };
		E4EF8A2A1FB8A0CD00D8BEB0 /* Main.storyboard in Resources */ = {isa = PBXBuildFile; fileRef = E4EF8A291FB8A0CD00D8BEB0 /* Main.storyboard */; };
		E4F68EFF1F92481F00CD49D0 /* NSString+Extension.m in Sources */ = {isa = PBXBuildFile; fileRef = E4F68EFE1F92481F00CD49D0 /* NSString+Extension.m */; };
/* End PBXBuildFile section */

/* Begin PBXContainerItemProxy section */
		E402B36E202DBB11009BF409 /* PBXContainerItemProxy */ = {
			isa = PBXContainerItemProxy;
			containerPortal = E49BFFE31F877BC20080035A /* Project object */;
			proxyType = 1;
			remoteGlobalIDString = E49BFFEA1F877BC20080035A;
			remoteInfo = GHFoundation;
		};
/* End PBXContainerItemProxy section */

/* Begin PBXFileReference section */
		E402B2EF202DB87B009BF409 /* NSString+File.h */ = {isa = PBXFileReference; fileEncoding = 4; lastKnownFileType = sourcecode.c.h; path = "NSString+File.h"; sourceTree = "<group>"; };
		E402B2F0202DB87B009BF409 /* NSString+File.m */ = {isa = PBXFileReference; fileEncoding = 4; lastKnownFileType = sourcecode.c.objc; path = "NSString+File.m"; sourceTree = "<group>"; };
		E402B369202DBB11009BF409 /* GHFoundationTests.xctest */ = {isa = PBXFileReference; explicitFileType = wrapper.cfbundle; includeInIndex = 0; path = GHFoundationTests.xctest; sourceTree = BUILT_PRODUCTS_DIR; };
		E402B36B202DBB11009BF409 /* GHFoundationTests.m */ = {isa = PBXFileReference; lastKnownFileType = sourcecode.c.objc; path = GHFoundationTests.m; sourceTree = "<group>"; };
		E402B36D202DBB11009BF409 /* Info.plist */ = {isa = PBXFileReference; lastKnownFileType = text.plist.xml; path = Info.plist; sourceTree = "<group>"; };
		E42120C62018DE0500CE9BA2 /* UIDevice+Extension.h */ = {isa = PBXFileReference; fileEncoding = 4; lastKnownFileType = sourcecode.c.h; path = "UIDevice+Extension.h"; sourceTree = "<group>"; };
		E42120C72018DE0500CE9BA2 /* UIDevice+Extension.m */ = {isa = PBXFileReference; fileEncoding = 4; lastKnownFileType = sourcecode.c.objc; path = "UIDevice+Extension.m"; sourceTree = "<group>"; };
		E425B40F20A5351600A68D68 /* GHTextView.h */ = {isa = PBXFileReference; lastKnownFileType = sourcecode.c.h; path = GHTextView.h; sourceTree = "<group>"; };
		E425B41020A5351600A68D68 /* GHTextView.m */ = {isa = PBXFileReference; lastKnownFileType = sourcecode.c.objc; path = GHTextView.m; sourceTree = "<group>"; };
		E432114B2102225C00471EC5 /* GHAppInfo.h */ = {isa = PBXFileReference; lastKnownFileType = sourcecode.c.h; path = GHAppInfo.h; sourceTree = "<group>"; };
		E432114C2102225C00471EC5 /* GHAppInfo.m */ = {isa = PBXFileReference; lastKnownFileType = sourcecode.c.objc; path = GHAppInfo.m; sourceTree = "<group>"; };
		E432114E210222E200471EC5 /* GHDeviceInfo.h */ = {isa = PBXFileReference; lastKnownFileType = sourcecode.c.h; path = GHDeviceInfo.h; sourceTree = "<group>"; };
		E432114F210222E200471EC5 /* GHDeviceInfo.m */ = {isa = PBXFileReference; lastKnownFileType = sourcecode.c.objc; path = GHDeviceInfo.m; sourceTree = "<group>"; };
		E433B82B215E2142002CACF9 /* UIViewController+Extension.h */ = {isa = PBXFileReference; lastKnownFileType = sourcecode.c.h; path = "UIViewController+Extension.h"; sourceTree = "<group>"; };
		E433B82C215E2142002CACF9 /* UIViewController+Extension.m */ = {isa = PBXFileReference; lastKnownFileType = sourcecode.c.objc; path = "UIViewController+Extension.m"; sourceTree = "<group>"; };
		E456EC0A1F93BD0700414F27 /* NSDictionary+Extension.h */ = {isa = PBXFileReference; lastKnownFileType = sourcecode.c.h; path = "NSDictionary+Extension.h"; sourceTree = "<group>"; };
		E456EC0B1F93BD0700414F27 /* NSDictionary+Extension.m */ = {isa = PBXFileReference; lastKnownFileType = sourcecode.c.objc; path = "NSDictionary+Extension.m"; sourceTree = "<group>"; };
		E45CC01F210DCD6400CB6448 /* NSString+PinYin.h */ = {isa = PBXFileReference; lastKnownFileType = sourcecode.c.h; path = "NSString+PinYin.h"; sourceTree = "<group>"; };
		E45CC020210DCD6400CB6448 /* NSString+PinYin.m */ = {isa = PBXFileReference; lastKnownFileType = sourcecode.c.objc; path = "NSString+PinYin.m"; sourceTree = "<group>"; };
		E4644C7E202DC8B4006E0E80 /* GHBaseDefine.h */ = {isa = PBXFileReference; lastKnownFileType = sourcecode.c.h; path = GHBaseDefine.h; sourceTree = "<group>"; };
		E4644C80202DD834006E0E80 /* AudioPlay.h */ = {isa = PBXFileReference; fileEncoding = 4; lastKnownFileType = sourcecode.c.h; path = AudioPlay.h; sourceTree = "<group>"; };
		E4644C81202DD834006E0E80 /* AudioPlay.m */ = {isa = PBXFileReference; fileEncoding = 4; lastKnownFileType = sourcecode.c.objc; path = AudioPlay.m; sourceTree = "<group>"; };
		E4644C83202DDA94006E0E80 /* Singleton.h */ = {isa = PBXFileReference; lastKnownFileType = sourcecode.c.h; path = Singleton.h; sourceTree = "<group>"; };
		E478BDB8200E446000C2358E /* NSDate+Extension.h */ = {isa = PBXFileReference; lastKnownFileType = sourcecode.c.h; path = "NSDate+Extension.h"; sourceTree = "<group>"; };
		E478BDB9200E446000C2358E /* NSDate+Extension.m */ = {isa = PBXFileReference; lastKnownFileType = sourcecode.c.objc; path = "NSDate+Extension.m"; sourceTree = "<group>"; };
		E47A709120220E5100E1EB5D /* UIColor+Extension.h */ = {isa = PBXFileReference; fileEncoding = 4; lastKnownFileType = sourcecode.c.h; path = "UIColor+Extension.h"; sourceTree = "<group>"; };
		E47A709220220E5100E1EB5D /* UIColor+Extension.m */ = {isa = PBXFileReference; fileEncoding = 4; lastKnownFileType = sourcecode.c.objc; path = "UIColor+Extension.m"; sourceTree = "<group>"; };
		E47A709420220EFB00E1EB5D /* GHFoundation.h */ = {isa = PBXFileReference; lastKnownFileType = sourcecode.c.h; path = GHFoundation.h; sourceTree = "<group>"; };
		E4955F8A202376F700B31FC3 /* NSData+ImageFormat.h */ = {isa = PBXFileReference; fileEncoding = 4; lastKnownFileType = sourcecode.c.h; path = "NSData+ImageFormat.h"; sourceTree = "<group>"; };
		E4955F8B202376F700B31FC3 /* NSData+ImageFormat.m */ = {isa = PBXFileReference; fileEncoding = 4; lastKnownFileType = sourcecode.c.objc; path = "NSData+ImageFormat.m"; sourceTree = "<group>"; };
		E49B004A1F87B5B70080035A /* Foundation+Log.m */ = {isa = PBXFileReference; lastKnownFileType = sourcecode.c.objc; path = "Foundation+Log.m"; sourceTree = "<group>"; };
		E49B004C1F87B67A0080035A /* UIView+Frame.h */ = {isa = PBXFileReference; lastKnownFileType = sourcecode.c.h; path = "UIView+Frame.h"; sourceTree = "<group>"; };
		E49B004D1F87B67A0080035A /* UIView+Frame.m */ = {isa = PBXFileReference; lastKnownFileType = sourcecode.c.objc; path = "UIView+Frame.m"; sourceTree = "<group>"; };
		E49BFFEB1F877BC20080035A /* GHFoundation.app */ = {isa = PBXFileReference; explicitFileType = wrapper.application; includeInIndex = 0; path = GHFoundation.app; sourceTree = BUILT_PRODUCTS_DIR; };
		E49BFFEE1F877BC20080035A /* AppDelegate.h */ = {isa = PBXFileReference; lastKnownFileType = sourcecode.c.h; path = AppDelegate.h; sourceTree = "<group>"; };
		E49BFFEF1F877BC20080035A /* AppDelegate.m */ = {isa = PBXFileReference; lastKnownFileType = sourcecode.c.objc; path = AppDelegate.m; sourceTree = "<group>"; };
		E49BFFF11F877BC20080035A /* ViewController.h */ = {isa = PBXFileReference; lastKnownFileType = sourcecode.c.h; path = ViewController.h; sourceTree = "<group>"; };
		E49BFFF21F877BC20080035A /* ViewController.m */ = {isa = PBXFileReference; lastKnownFileType = sourcecode.c.objc; path = ViewController.m; sourceTree = "<group>"; };
		E49BFFF71F877BC20080035A /* Assets.xcassets */ = {isa = PBXFileReference; lastKnownFileType = folder.assetcatalog; path = Assets.xcassets; sourceTree = "<group>"; };
		E49BFFFC1F877BC20080035A /* Info.plist */ = {isa = PBXFileReference; lastKnownFileType = text.plist.xml; path = Info.plist; sourceTree = "<group>"; };
		E49BFFFD1F877BC20080035A /* main.m */ = {isa = PBXFileReference; lastKnownFileType = sourcecode.c.objc; path = main.m; sourceTree = "<group>"; };
		E4B655F620C6DBFC006B6F56 /* UIBarButtonItem+Extension.h */ = {isa = PBXFileReference; fileEncoding = 4; lastKnownFileType = sourcecode.c.h; path = "UIBarButtonItem+Extension.h"; sourceTree = "<group>"; };
		E4B655F720C6DBFC006B6F56 /* UIBarButtonItem+Extension.m */ = {isa = PBXFileReference; fileEncoding = 4; lastKnownFileType = sourcecode.c.objc; path = "UIBarButtonItem+Extension.m"; sourceTree = "<group>"; };
		E4BEDC2A20E471D900F6F98E /* GHCopyLabel.h */ = {isa = PBXFileReference; lastKnownFileType = sourcecode.c.h; path = GHCopyLabel.h; sourceTree = "<group>"; };
		E4BEDC2B20E471D900F6F98E /* GHCopyLabel.m */ = {isa = PBXFileReference; lastKnownFileType = sourcecode.c.objc; path = GHCopyLabel.m; sourceTree = "<group>"; };
		E4E4C82220A5152D00D42410 /* NSString+Base64.h */ = {isa = PBXFileReference; lastKnownFileType = sourcecode.c.h; path = "NSString+Base64.h"; sourceTree = "<group>"; };
		E4E4C82320A5152D00D42410 /* NSString+Base64.m */ = {isa = PBXFileReference; lastKnownFileType = sourcecode.c.objc; path = "NSString+Base64.m"; sourceTree = "<group>"; };
		E4EF8A211FB89C4C00D8BEB0 /* UIImage+Extension.h */ = {isa = PBXFileReference; fileEncoding = 4; lastKnownFileType = sourcecode.c.h; path = "UIImage+Extension.h"; sourceTree = "<group>"; };
		E4EF8A221FB89C4C00D8BEB0 /* UIImage+Extension.m */ = {isa = PBXFileReference; fileEncoding = 4; lastKnownFileType = sourcecode.c.objc; path = "UIImage+Extension.m"; sourceTree = "<group>"; };
		E4EF8A241FB89EDC00D8BEB0 /* UIView+Extension.h */ = {isa = PBXFileReference; fileEncoding = 4; lastKnownFileType = sourcecode.c.h; path = "UIView+Extension.h"; sourceTree = "<group>"; };
		E4EF8A251FB89EDC00D8BEB0 /* UIView+Extension.m */ = {isa = PBXFileReference; fileEncoding = 4; lastKnownFileType = sourcecode.c.objc; path = "UIView+Extension.m"; sourceTree = "<group>"; };
		E4EF8A271FB8A08800D8BEB0 /* LaunchScreen.storyboard */ = {isa = PBXFileReference; fileEncoding = 4; lastKnownFileType = file.storyboard; path = LaunchScreen.storyboard; sourceTree = "<group>"; };
		E4EF8A291FB8A0CD00D8BEB0 /* Main.storyboard */ = {isa = PBXFileReference; fileEncoding = 4; lastKnownFileType = file.storyboard; path = Main.storyboard; sourceTree = "<group>"; };
		E4F68EFD1F92481F00CD49D0 /* NSString+Extension.h */ = {isa = PBXFileReference; lastKnownFileType = sourcecode.c.h; path = "NSString+Extension.h"; sourceTree = "<group>"; };
		E4F68EFE1F92481F00CD49D0 /* NSString+Extension.m */ = {isa = PBXFileReference; lastKnownFileType = sourcecode.c.objc; path = "NSString+Extension.m"; sourceTree = "<group>"; };
/* End PBXFileReference section */

/* Begin PBXFrameworksBuildPhase section */
		E402B366202DBB11009BF409 /* Frameworks */ = {
			isa = PBXFrameworksBuildPhase;
			buildActionMask = 2147483647;
			files = (
			);
			runOnlyForDeploymentPostprocessing = 0;
		};
		E49BFFE81F877BC20080035A /* Frameworks */ = {
			isa = PBXFrameworksBuildPhase;
			buildActionMask = 2147483647;
			files = (
			);
			runOnlyForDeploymentPostprocessing = 0;
		};
/* End PBXFrameworksBuildPhase section */

/* Begin PBXGroup section */
		E402B36A202DBB11009BF409 /* GHFoundationTests */ = {
			isa = PBXGroup;
			children = (
				E402B36B202DBB11009BF409 /* GHFoundationTests.m */,
				E402B36D202DBB11009BF409 /* Info.plist */,
			);
			path = GHFoundationTests;
			sourceTree = "<group>";
		};
		E42120C52018DDF100CE9BA2 /* UIDevice */ = {
			isa = PBXGroup;
			children = (
				E42120C62018DE0500CE9BA2 /* UIDevice+Extension.h */,
				E42120C72018DE0500CE9BA2 /* UIDevice+Extension.m */,
			);
			path = UIDevice;
			sourceTree = "<group>";
		};
		E42120C92018DEDB00CE9BA2 /* NSData */ = {
			isa = PBXGroup;
			children = (
				E4955F8A202376F700B31FC3 /* NSData+ImageFormat.h */,
				E4955F8B202376F700B31FC3 /* NSData+ImageFormat.m */,
			);
			path = NSData;
			sourceTree = "<group>";
		};
		E425B40D20A534FB00A68D68 /* View */ = {
			isa = PBXGroup;
			children = (
				E4BEDC2920E471CF00F6F98E /* CopyLabel */,
				E425B40E20A534FB00A68D68 /* TextView */,
			);
			path = View;
			sourceTree = "<group>";
		};
		E425B40E20A534FB00A68D68 /* TextView */ = {
			isa = PBXGroup;
			children = (
				E425B40F20A5351600A68D68 /* GHTextView.h */,
				E425B41020A5351600A68D68 /* GHTextView.m */,
			);
			path = TextView;
			sourceTree = "<group>";
		};
		E433B827215E2108002CACF9 /* UIViewController */ = {
			isa = PBXGroup;
			children = (
				E433B82B215E2142002CACF9 /* UIViewController+Extension.h */,
				E433B82C215E2142002CACF9 /* UIViewController+Extension.m */,
			);
			path = UIViewController;
			sourceTree = "<group>";
		};
		E456EC091F93BCC800414F27 /* NSDictionary */ = {
			isa = PBXGroup;
			children = (
				E456EC0A1F93BD0700414F27 /* NSDictionary+Extension.h */,
				E456EC0B1F93BD0700414F27 /* NSDictionary+Extension.m */,
			);
			path = NSDictionary;
			sourceTree = "<group>";
		};
		E4644C7C202DBF55006E0E80 /* BaseConfig */ = {
			isa = PBXGroup;
			children = (
				E4644C7E202DC8B4006E0E80 /* GHBaseDefine.h */,
				E4644C83202DDA94006E0E80 /* Singleton.h */,
			);
			path = BaseConfig;
			sourceTree = "<group>";
		};
		E4644C7F202DD80F006E0E80 /* Utility */ = {
			isa = PBXGroup;
			children = (
				E4644C80202DD834006E0E80 /* AudioPlay.h */,
				E4644C81202DD834006E0E80 /* AudioPlay.m */,
				E432114B2102225C00471EC5 /* GHAppInfo.h */,
				E432114C2102225C00471EC5 /* GHAppInfo.m */,
				E432114E210222E200471EC5 /* GHDeviceInfo.h */,
				E432114F210222E200471EC5 /* GHDeviceInfo.m */,
			);
			path = Utility;
			sourceTree = "<group>";
		};
		E478BDB7200E444900C2358E /* NSDate */ = {
			isa = PBXGroup;
			children = (
				E478BDB8200E446000C2358E /* NSDate+Extension.h */,
				E478BDB9200E446000C2358E /* NSDate+Extension.m */,
			);
			path = NSDate;
			sourceTree = "<group>";
		};
		E47A709020220E3B00E1EB5D /* UIColor */ = {
			isa = PBXGroup;
			children = (
				E47A709120220E5100E1EB5D /* UIColor+Extension.h */,
				E47A709220220E5100E1EB5D /* UIColor+Extension.m */,
			);
			path = UIColor;
			sourceTree = "<group>";
		};
		E49B00481F87B45C0080035A /* GHFoundation */ = {
			isa = PBXGroup;
			children = (
				E47A709420220EFB00E1EB5D /* GHFoundation.h */,
				E4644C7C202DBF55006E0E80 /* BaseConfig */,
				E49B00491F87B45C0080035A /* Category */,
				E425B40D20A534FB00A68D68 /* View */,
				E4644C7F202DD80F006E0E80 /* Utility */,
			);
			path = GHFoundation;
			sourceTree = "<group>";
		};
		E49B00491F87B45C0080035A /* Category */ = {
			isa = PBXGroup;
			children = (
				E47A709020220E3B00E1EB5D /* UIColor */,
				E42120C92018DEDB00CE9BA2 /* NSData */,
				E42120C52018DDF100CE9BA2 /* UIDevice */,
				E478BDB7200E444900C2358E /* NSDate */,
				E4EF8A201FB89C1200D8BEB0 /* UIImage */,
				E456EC091F93BCC800414F27 /* NSDictionary */,
				E4F68EFC1F9247E200CD49D0 /* NSString */,
				E49B004B1F87B61A0080035A /* UIView */,
				E4B655F520C6DBFC006B6F56 /* UIBarButtonItem */,
				E433B827215E2108002CACF9 /* UIViewController */,
				E49B004A1F87B5B70080035A /* Foundation+Log.m */,
			);
			path = Category;
			sourceTree = "<group>";
		};
		E49B004B1F87B61A0080035A /* UIView */ = {
			isa = PBXGroup;
			children = (
				E49B004C1F87B67A0080035A /* UIView+Frame.h */,
				E49B004D1F87B67A0080035A /* UIView+Frame.m */,
				E4EF8A241FB89EDC00D8BEB0 /* UIView+Extension.h */,
				E4EF8A251FB89EDC00D8BEB0 /* UIView+Extension.m */,
			);
			path = UIView;
			sourceTree = "<group>";
		};
		E49BFFE21F877BC20080035A = {
			isa = PBXGroup;
			children = (
				E49BFFED1F877BC20080035A /* GHFoundation */,
				E402B36A202DBB11009BF409 /* GHFoundationTests */,
				E49BFFEC1F877BC20080035A /* Products */,
			);
			sourceTree = "<group>";
		};
		E49BFFEC1F877BC20080035A /* Products */ = {
			isa = PBXGroup;
			children = (
				E49BFFEB1F877BC20080035A /* GHFoundation.app */,
				E402B369202DBB11009BF409 /* GHFoundationTests.xctest */,
			);
			name = Products;
			sourceTree = "<group>";
		};
		E49BFFED1F877BC20080035A /* GHFoundation */ = {
			isa = PBXGroup;
			children = (
				E49B00481F87B45C0080035A /* GHFoundation */,
				E49BFFEE1F877BC20080035A /* AppDelegate.h */,
				E49BFFEF1F877BC20080035A /* AppDelegate.m */,
				E49BFFF11F877BC20080035A /* ViewController.h */,
				E49BFFF21F877BC20080035A /* ViewController.m */,
				E4EF8A291FB8A0CD00D8BEB0 /* Main.storyboard */,
				E49BFFF71F877BC20080035A /* Assets.xcassets */,
				E4EF8A271FB8A08800D8BEB0 /* LaunchScreen.storyboard */,
				E49BFFFC1F877BC20080035A /* Info.plist */,
				E49BFFFD1F877BC20080035A /* main.m */,
			);
			path = GHFoundation;
			sourceTree = "<group>";
		};
		E4B655F520C6DBFC006B6F56 /* UIBarButtonItem */ = {
			isa = PBXGroup;
			children = (
				E4B655F620C6DBFC006B6F56 /* UIBarButtonItem+Extension.h */,
				E4B655F720C6DBFC006B6F56 /* UIBarButtonItem+Extension.m */,
			);
			path = UIBarButtonItem;
			sourceTree = "<group>";
		};
		E4BEDC2920E471CF00F6F98E /* CopyLabel */ = {
			isa = PBXGroup;
			children = (
				E4BEDC2A20E471D900F6F98E /* GHCopyLabel.h */,
				E4BEDC2B20E471D900F6F98E /* GHCopyLabel.m */,
			);
			path = CopyLabel;
			sourceTree = "<group>";
		};
		E4EF8A201FB89C1200D8BEB0 /* UIImage */ = {
			isa = PBXGroup;
			children = (
				E4EF8A211FB89C4C00D8BEB0 /* UIImage+Extension.h */,
				E4EF8A221FB89C4C00D8BEB0 /* UIImage+Extension.m */,
			);
			path = UIImage;
			sourceTree = "<group>";
		};
		E4F68EFC1F9247E200CD49D0 /* NSString */ = {
			isa = PBXGroup;
			children = (
				E4F68EFD1F92481F00CD49D0 /* NSString+Extension.h */,
				E4F68EFE1F92481F00CD49D0 /* NSString+Extension.m */,
				E402B2EF202DB87B009BF409 /* NSString+File.h */,
				E402B2F0202DB87B009BF409 /* NSString+File.m */,
				E4E4C82220A5152D00D42410 /* NSString+Base64.h */,
				E4E4C82320A5152D00D42410 /* NSString+Base64.m */,
				E45CC01F210DCD6400CB6448 /* NSString+PinYin.h */,
				E45CC020210DCD6400CB6448 /* NSString+PinYin.m */,
			);
			path = NSString;
			sourceTree = "<group>";
		};
/* End PBXGroup section */

/* Begin PBXNativeTarget section */
		E402B368202DBB11009BF409 /* GHFoundationTests */ = {
			isa = PBXNativeTarget;
			buildConfigurationList = E402B370202DBB11009BF409 /* Build configuration list for PBXNativeTarget "GHFoundationTests" */;
			buildPhases = (
				E402B365202DBB11009BF409 /* Sources */,
				E402B366202DBB11009BF409 /* Frameworks */,
				E402B367202DBB11009BF409 /* Resources */,
			);
			buildRules = (
			);
			dependencies = (
				E402B36F202DBB11009BF409 /* PBXTargetDependency */,
			);
			name = GHFoundationTests;
			productName = GHFoundationTests;
			productReference = E402B369202DBB11009BF409 /* GHFoundationTests.xctest */;
			productType = "com.apple.product-type.bundle.unit-test";
		};
		E49BFFEA1F877BC20080035A /* GHFoundation */ = {
			isa = PBXNativeTarget;
			buildConfigurationList = E49B00011F877BC20080035A /* Build configuration list for PBXNativeTarget "GHFoundation" */;
			buildPhases = (
				E49BFFE71F877BC20080035A /* Sources */,
				E49BFFE81F877BC20080035A /* Frameworks */,
				E49BFFE91F877BC20080035A /* Resources */,
			);
			buildRules = (
			);
			dependencies = (
			);
			name = GHFoundation;
			productName = GHFoundation;
			productReference = E49BFFEB1F877BC20080035A /* GHFoundation.app */;
			productType = "com.apple.product-type.application";
		};
/* End PBXNativeTarget section */

/* Begin PBXProject section */
		E49BFFE31F877BC20080035A /* Project object */ = {
			isa = PBXProject;
			attributes = {
				LastUpgradeCheck = 0900;
				ORGANIZATIONNAME = Rong;
				TargetAttributes = {
					E402B368202DBB11009BF409 = {
						CreatedOnToolsVersion = 8.3.3;
						ProvisioningStyle = Automatic;
						TestTargetID = E49BFFEA1F877BC20080035A;
					};
					E49BFFEA1F877BC20080035A = {
						CreatedOnToolsVersion = 9.0;
						ProvisioningStyle = Automatic;
					};
				};
			};
			buildConfigurationList = E49BFFE61F877BC20080035A /* Build configuration list for PBXProject "GHFoundation" */;
			compatibilityVersion = "Xcode 8.0";
			developmentRegion = en;
			hasScannedForEncodings = 0;
			knownRegions = (
				en,
				Base,
			);
			mainGroup = E49BFFE21F877BC20080035A;
			productRefGroup = E49BFFEC1F877BC20080035A /* Products */;
			projectDirPath = "";
			projectRoot = "";
			targets = (
				E49BFFEA1F877BC20080035A /* GHFoundation */,
				E402B368202DBB11009BF409 /* GHFoundationTests */,
			);
		};
/* End PBXProject section */

/* Begin PBXResourcesBuildPhase section */
		E402B367202DBB11009BF409 /* Resources */ = {
			isa = PBXResourcesBuildPhase;
			buildActionMask = 2147483647;
			files = (
			);
			runOnlyForDeploymentPostprocessing = 0;
		};
		E49BFFE91F877BC20080035A /* Resources */ = {
			isa = PBXResourcesBuildPhase;
			buildActionMask = 2147483647;
			files = (
				E4EF8A2A1FB8A0CD00D8BEB0 /* Main.storyboard in Resources */,
				E4EF8A281FB8A08800D8BEB0 /* LaunchScreen.storyboard in Resources */,
				E49BFFF81F877BC20080035A /* Assets.xcassets in Resources */,
			);
			runOnlyForDeploymentPostprocessing = 0;
		};
/* End PBXResourcesBuildPhase section */

/* Begin PBXSourcesBuildPhase section */
		E402B365202DBB11009BF409 /* Sources */ = {
			isa = PBXSourcesBuildPhase;
			buildActionMask = 2147483647;
			files = (
				E402B36C202DBB11009BF409 /* GHFoundationTests.m in Sources */,
			);
			runOnlyForDeploymentPostprocessing = 0;
		};
		E49BFFE71F877BC20080035A /* Sources */ = {
			isa = PBXSourcesBuildPhase;
			buildActionMask = 2147483647;
			files = (
				E4321150210222E200471EC5 /* GHDeviceInfo.m in Sources */,
				E4F68EFF1F92481F00CD49D0 /* NSString+Extension.m in Sources */,
				E42120C82018DE0500CE9BA2 /* UIDevice+Extension.m in Sources */,
				E45CC021210DCD6400CB6448 /* NSString+PinYin.m in Sources */,
				E4EF8A231FB89C4C00D8BEB0 /* UIImage+Extension.m in Sources */,
				E49B004E1F87B67A0080035A /* UIView+Frame.m in Sources */,
				E456EC0C1F93BD0700414F27 /* NSDictionary+Extension.m in Sources */,
				E4955F8C202376F700B31FC3 /* NSData+ImageFormat.m in Sources */,
				E425B41120A5351700A68D68 /* GHTextView.m in Sources */,
				E49BFFF31F877BC20080035A /* ViewController.m in Sources */,
				E4BEDC2C20E471D900F6F98E /* GHCopyLabel.m in Sources */,
				E432114D2102225C00471EC5 /* GHAppInfo.m in Sources */,
				E49BFFFE1F877BC20080035A /* main.m in Sources */,
				E4644C82202DD834006E0E80 /* AudioPlay.m in Sources */,
				E433B82D215E2142002CACF9 /* UIViewController+Extension.m in Sources */,
				E4E4C82420A5152D00D42410 /* NSString+Base64.m in Sources */,
				E4B655F820C6DBFC006B6F56 /* UIBarButtonItem+Extension.m in Sources */,
				E47A709320220E5100E1EB5D /* UIColor+Extension.m in Sources */,
				E4EF8A261FB89EDC00D8BEB0 /* UIView+Extension.m in Sources */,
				E402B2F1202DB87B009BF409 /* NSString+File.m in Sources */,
				E49BFFF01F877BC20080035A /* AppDelegate.m in Sources */,
				E478BDBA200E446000C2358E /* NSDate+Extension.m in Sources */,
			);
			runOnlyForDeploymentPostprocessing = 0;
		};
/* End PBXSourcesBuildPhase section */

/* Begin PBXTargetDependency section */
		E402B36F202DBB11009BF409 /* PBXTargetDependency */ = {
			isa = PBXTargetDependency;
			target = E49BFFEA1F877BC20080035A /* GHFoundation */;
			targetProxy = E402B36E202DBB11009BF409 /* PBXContainerItemProxy */;
		};
/* End PBXTargetDependency section */

/* Begin XCBuildConfiguration section */
		E402B371202DBB11009BF409 /* Debug */ = {
			isa = XCBuildConfiguration;
			buildSettings = {
				BUNDLE_LOADER = "$(TEST_HOST)";
				CLANG_CXX_LANGUAGE_STANDARD = "gnu++0x";
				"CODE_SIGN_IDENTITY[sdk=iphoneos*]" = "iPhone Developer";
				GCC_C_LANGUAGE_STANDARD = gnu99;
				INFOPLIST_FILE = GHFoundationTests/Info.plist;
				IPHONEOS_DEPLOYMENT_TARGET = 10.3;
				LD_RUNPATH_SEARCH_PATHS = "$(inherited) @executable_path/Frameworks @loader_path/Frameworks";
				PRODUCT_BUNDLE_IDENTIFIER = com.rong.GHFoundationTests;
				PRODUCT_NAME = "$(TARGET_NAME)";
				TEST_HOST = "$(BUILT_PRODUCTS_DIR)/GHFoundation.app/GHFoundation";
			};
			name = Debug;
		};
		E402B372202DBB11009BF409 /* Release */ = {
			isa = XCBuildConfiguration;
			buildSettings = {
				BUNDLE_LOADER = "$(TEST_HOST)";
				CLANG_CXX_LANGUAGE_STANDARD = "gnu++0x";
				"CODE_SIGN_IDENTITY[sdk=iphoneos*]" = "iPhone Developer";
				GCC_C_LANGUAGE_STANDARD = gnu99;
				INFOPLIST_FILE = GHFoundationTests/Info.plist;
				IPHONEOS_DEPLOYMENT_TARGET = 10.3;
				LD_RUNPATH_SEARCH_PATHS = "$(inherited) @executable_path/Frameworks @loader_path/Frameworks";
				PRODUCT_BUNDLE_IDENTIFIER = com.rong.GHFoundationTests;
				PRODUCT_NAME = "$(TARGET_NAME)";
				TEST_HOST = "$(BUILT_PRODUCTS_DIR)/GHFoundation.app/GHFoundation";
			};
			name = Release;
		};
		E49B00001F877BC20080035A /* Release */ = {
			isa = XCBuildConfiguration;
			buildSettings = {
				ALWAYS_SEARCH_USER_PATHS = NO;
				CLANG_ANALYZER_NONNULL = YES;
				CLANG_ANALYZER_NUMBER_OBJECT_CONVERSION = YES_AGGRESSIVE;
				CLANG_CXX_LANGUAGE_STANDARD = "gnu++14";
				CLANG_CXX_LIBRARY = "libc++";
				CLANG_ENABLE_MODULES = YES;
				CLANG_ENABLE_OBJC_ARC = YES;
				CLANG_WARN_BLOCK_CAPTURE_AUTORELEASING = YES;
				CLANG_WARN_BOOL_CONVERSION = YES;
				CLANG_WARN_COMMA = YES;
				CLANG_WARN_CONSTANT_CONVERSION = YES;
				CLANG_WARN_DIRECT_OBJC_ISA_USAGE = YES_ERROR;
				CLANG_WARN_DOCUMENTATION_COMMENTS = YES;
				CLANG_WARN_EMPTY_BODY = YES;
				CLANG_WARN_ENUM_CONVERSION = YES;
				CLANG_WARN_INFINITE_RECURSION = YES;
				CLANG_WARN_INT_CONVERSION = YES;
				CLANG_WARN_NON_LITERAL_NULL_CONVERSION = YES;
				CLANG_WARN_OBJC_LITERAL_CONVERSION = YES;
				CLANG_WARN_OBJC_ROOT_CLASS = YES_ERROR;
				CLANG_WARN_RANGE_LOOP_ANALYSIS = YES;
				CLANG_WARN_STRICT_PROTOTYPES = YES;
				CLANG_WARN_SUSPICIOUS_MOVE = YES;
				CLANG_WARN_UNGUARDED_AVAILABILITY = YES_AGGRESSIVE;
				CLANG_WARN_UNREACHABLE_CODE = YES;
				CLANG_WARN__DUPLICATE_METHOD_MATCH = YES;
				CODE_SIGN_IDENTITY = "iPhone Developer";
				COPY_PHASE_STRIP = NO;
				DEBUG_INFORMATION_FORMAT = "dwarf-with-dsym";
				ENABLE_NS_ASSERTIONS = NO;
				ENABLE_STRICT_OBJC_MSGSEND = YES;
				GCC_C_LANGUAGE_STANDARD = gnu11;
				GCC_NO_COMMON_BLOCKS = YES;
				GCC_WARN_64_TO_32_BIT_CONVERSION = YES;
				GCC_WARN_ABOUT_RETURN_TYPE = YES_ERROR;
				GCC_WARN_UNDECLARED_SELECTOR = YES;
				GCC_WARN_UNINITIALIZED_AUTOS = YES_AGGRESSIVE;
				GCC_WARN_UNUSED_FUNCTION = YES;
				GCC_WARN_UNUSED_VARIABLE = YES;
				IPHONEOS_DEPLOYMENT_TARGET = 11.0;
				MTL_ENABLE_DEBUG_INFO = NO;
				SDKROOT = iphoneos;
				VALIDATE_PRODUCT = YES;
			};
			name = Release;
		};
		E49B00021F877BC20080035A /* Debug */ = {
			isa = XCBuildConfiguration;
			buildSettings = {
				ASSETCATALOG_COMPILER_APPICON_NAME = AppIcon;
				CODE_SIGN_STYLE = Automatic;
				INFOPLIST_FILE = GHFoundation/Info.plist;
				IPHONEOS_DEPLOYMENT_TARGET = 8.0;
				LD_RUNPATH_SEARCH_PATHS = "$(inherited) @executable_path/Frameworks";
				PRODUCT_BUNDLE_IDENTIFIER = com.ronginet.GHFoundation;
				PRODUCT_NAME = "$(TARGET_NAME)";
				TARGETED_DEVICE_FAMILY = "1,2";
			};
			name = Debug;
		};
		E49B00031F877BC20080035A /* Release */ = {
			isa = XCBuildConfiguration;
			buildSettings = {
				ASSETCATALOG_COMPILER_APPICON_NAME = AppIcon;
				CODE_SIGN_STYLE = Automatic;
				INFOPLIST_FILE = GHFoundation/Info.plist;
				IPHONEOS_DEPLOYMENT_TARGET = 8.0;
				LD_RUNPATH_SEARCH_PATHS = "$(inherited) @executable_path/Frameworks";
				PRODUCT_BUNDLE_IDENTIFIER = com.ronginet.GHFoundation;
				PRODUCT_NAME = "$(TARGET_NAME)";
				TARGETED_DEVICE_FAMILY = "1,2";
			};
			name = Release;
		};
		E49BFFFF1F877BC20080035A /* Debug */ = {
			isa = XCBuildConfiguration;
			buildSettings = {
				ALWAYS_SEARCH_USER_PATHS = NO;
				CLANG_ANALYZER_NONNULL = YES;
				CLANG_ANALYZER_NUMBER_OBJECT_CONVERSION = YES_AGGRESSIVE;
				CLANG_CXX_LANGUAGE_STANDARD = "gnu++14";
				CLANG_CXX_LIBRARY = "libc++";
				CLANG_ENABLE_MODULES = YES;
				CLANG_ENABLE_OBJC_ARC = YES;
				CLANG_WARN_BLOCK_CAPTURE_AUTORELEASING = YES;
				CLANG_WARN_BOOL_CONVERSION = YES;
				CLANG_WARN_COMMA = YES;
				CLANG_WARN_CONSTANT_CONVERSION = YES;
				CLANG_WARN_DIRECT_OBJC_ISA_USAGE = YES_ERROR;
				CLANG_WARN_DOCUMENTATION_COMMENTS = YES;
				CLANG_WARN_EMPTY_BODY = YES;
				CLANG_WARN_ENUM_CONVERSION = YES;
				CLANG_WARN_INFINITE_RECURSION = YES;
				CLANG_WARN_INT_CONVERSION = YES;
				CLANG_WARN_NON_LITERAL_NULL_CONVERSION = YES;
				CLANG_WARN_OBJC_LITERAL_CONVERSION = YES;
				CLANG_WARN_OBJC_ROOT_CLASS = YES_ERROR;
				CLANG_WARN_RANGE_LOOP_ANALYSIS = YES;
				CLANG_WARN_STRICT_PROTOTYPES = YES;
				CLANG_WARN_SUSPICIOUS_MOVE = YES;
				CLANG_WARN_UNGUARDED_AVAILABILITY = YES_AGGRESSIVE;
				CLANG_WARN_UNREACHABLE_CODE = YES;
				CLANG_WARN__DUPLICATE_METHOD_MATCH = YES;
				CODE_SIGN_IDENTITY = "iPhone Developer";
				COPY_PHASE_STRIP = NO;
				DEBUG_INFORMATION_FORMAT = dwarf;
				ENABLE_STRICT_OBJC_MSGSEND = YES;
				ENABLE_TESTABILITY = YES;
				GCC_C_LANGUAGE_STANDARD = gnu11;
				GCC_DYNAMIC_NO_PIC = NO;
				GCC_NO_COMMON_BLOCKS = YES;
				GCC_OPTIMIZATION_LEVEL = 0;
				GCC_PREPROCESSOR_DEFINITIONS = (
					"DEBUG=1",
					"$(inherited)",
				);
				GCC_WARN_64_TO_32_BIT_CONVERSION = YES;
				GCC_WARN_ABOUT_RETURN_TYPE = YES_ERROR;
				GCC_WARN_UNDECLARED_SELECTOR = YES;
				GCC_WARN_UNINITIALIZED_AUTOS = YES_AGGRESSIVE;
				GCC_WARN_UNUSED_FUNCTION = YES;
				GCC_WARN_UNUSED_VARIABLE = YES;
				IPHONEOS_DEPLOYMENT_TARGET = 11.0;
				MTL_ENABLE_DEBUG_INFO = YES;
				ONLY_ACTIVE_ARCH = YES;
				SDKROOT = iphoneos;
			};
			name = Debug;
		};
/* End XCBuildConfiguration section */

/* Begin XCConfigurationList section */
		E402B370202DBB11009BF409 /* Build configuration list for PBXNativeTarget "GHFoundationTests" */ = {
			isa = XCConfigurationList;
			buildConfigurations = (
				E402B371202DBB11009BF409 /* Debug */,
				E402B372202DBB11009BF409 /* Release */,
			);
			defaultConfigurationIsVisible = 0;
			defaultConfigurationName = Release;
		};
		E49B00011F877BC20080035A /* Build configuration list for PBXNativeTarget "GHFoundation" */ = {
			isa = XCConfigurationList;
			buildConfigurations = (
				E49B00021F877BC20080035A /* Debug */,
				E49B00031F877BC20080035A /* Release */,
			);
			defaultConfigurationIsVisible = 0;
			defaultConfigurationName = Release;
		};
		E49BFFE61F877BC20080035A /* Build configuration list for PBXProject "GHFoundation" */ = {
			isa = XCConfigurationList;
			buildConfigurations = (
				E49BFFFF1F877BC20080035A /* Debug */,
				E49B00001F877BC20080035A /* Release */,
			);
			defaultConfigurationIsVisible = 0;
			defaultConfigurationName = Release;
		};
/* End XCConfigurationList section */
	};
	rootObject = E49BFFE31F877BC20080035A /* Project object */;
}
